
Microsoft Visual Studio Solution File, Format Version 12.00
# Visual Studio 14
VisualStudioVersion = 14.0.23107.0
MinimumVisualStudioVersion = 10.0.40219.1
Project("{FAE04EC0-301F-11D3-BF4B-00C04F79EFBC}") = "LL.Solutions.PMS.Adapter", "LL.Solutions.PMS.Adapter\LL.Solutions.PMS.Adapter.csproj", "{7D1D1EA4-EA8C-41E6-8FF0-F748E55FE935}"
EndProject
Project("{FAE04EC0-301F-11D3-BF4B-00C04F79EFBC}") = "LL.Solutions.PMS.ProgramConsole", "LL.Solutions.PMS.ProgramConsole\LL.Solutions.PMS.ProgramConsole.csproj", "{A7F0BD3A-DABF-4702-9BDA-E450468FF36E}"
EndProject
Project("{FAE04EC0-301F-11D3-BF4B-00C04F79EFBC}") = "LL.Solutions.PMS.Service", "LL.Solutions.PMS.Service\LL.Solutions.PMS.Service.csproj", "{616BB713-27E3-46DD-A3CB-79CBE544534B}"
EndProject
Project("{FAE04EC0-301F-11D3-BF4B-00C04F79EFBC}") = "LL.Solutions.PMS.Controls", "LL.Solutions.PMS.Controls\LL.Solutions.PMS.Controls.csproj", "{C8950BAF-06A5-4AF3-964A-55B18B0E0B9F}"
EndProject
Project("{FAE04EC0-301F-11D3-BF4B-00C04F79EFBC}") = "LL.Solutions.PMS.Infrastructure", "LL.Solutions.PMS.Infrastructure\LL.Solutions.PMS.Infrastructure.csproj", "{55AA526E-1A89-4A8E-B648-8DE5DE2FD1E5}"
EndProject
Project("{FAE04EC0-301F-11D3-BF4B-00C04F79EFBC}") = "LL.Solutions.PMS.Dashboard", "LL.Solutions.PMS.Dashboard\LL.Solutions.PMS.Dashboard.csproj", "{4F877CE6-D317-4858-903E-E3B0893FCE67}"
EndProject
Project("{FAE04EC0-301F-11D3-BF4B-00C04F79EFBC}") = "LL.Solutions.PMS.SystemStatus", "LL.Solutions.PMS.SystemStatus\LL.Solutions.PMS.SystemStatus.csproj", "{998E10B8-C8C0-4D16-BDD5-124CB1EA6CD3}"
EndProject
Project("{2150E333-8FDC-42A3-9474-1A3956D46DE8}") = "GUI", "GUI", "{F936ADB7-E24D-4240-A3BA-0FBCA56741F0}"
EndProject
Project("{2150E333-8FDC-42A3-9474-1A3956D46DE8}") = "Adapter", "Adapter", "{5EA435BC-D3B4-40B7-AD0B-7CA43838912A}"
EndProject
Project("{2150E333-8FDC-42A3-9474-1A3956D46DE8}") = "Service", "Service", "{F1B08087-9305-48B3-B707-935586A67CBC}"
EndProject
Project("{FAE04EC0-301F-11D3-BF4B-00C04F79EFBC}") = "LL.Solutions.PMS.ConfigurationEditor", "LL.Solutions.PMS.ConfigurationEditor\LL.Solutions.PMS.ConfigurationEditor.csproj", "{EB24698A-678D-4432-AFB6-4985F225FE0A}"
EndProject
Global
	GlobalSection(SolutionConfigurationPlatforms) = preSolution
		Debug|Any CPU = Debug|Any CPU
		Release|Any CPU = Release|Any CPU
	EndGlobalSection
	GlobalSection(ProjectConfigurationPlatforms) = postSolution
		{7D1D1EA4-EA8C-41E6-8FF0-F748E55FE935}.Debug|Any CPU.ActiveCfg = Debug|Any CPU
		{7D1D1EA4-EA8C-41E6-8FF0-F748E55FE935}.Debug|Any CPU.Build.0 = Debug|Any CPU
		{7D1D1EA4-EA8C-41E6-8FF0-F748E55FE935}.Release|Any CPU.ActiveCfg = Release|Any CPU
		{7D1D1EA4-EA8C-41E6-8FF0-F748E55FE935}.Release|Any CPU.Build.0 = Release|Any CPU
		{A7F0BD3A-DABF-4702-9BDA-E450468FF36E}.Debug|Any CPU.ActiveCfg = Debug|Any CPU
		{A7F0BD3A-DABF-4702-9BDA-E450468FF36E}.Debug|Any CPU.Build.0 = Debug|Any CPU
		{A7F0BD3A-DABF-4702-9BDA-E450468FF36E}.Release|Any CPU.ActiveCfg = Release|Any CPU
		{A7F0BD3A-DABF-4702-9BDA-E450468FF36E}.Release|Any CPU.Build.0 = Release|Any CPU
		{616BB713-27E3-46DD-A3CB-79CBE544534B}.Debug|Any CPU.ActiveCfg = Debug|Any CPU
		{616BB713-27E3-46DD-A3CB-79CBE544534B}.Debug|Any CPU.Build.0 = Debug|Any CPU
		{616BB713-27E3-46DD-A3CB-79CBE544534B}.Release|Any CPU.ActiveCfg = Release|Any CPU
		{616BB713-27E3-46DD-A3CB-79CBE544534B}.Release|Any CPU.Build.0 = Release|Any CPU
		{C8950BAF-06A5-4AF3-964A-55B18B0E0B9F}.Debug|Any CPU.ActiveCfg = Debug|Any CPU
		{C8950BAF-06A5-4AF3-964A-55B18B0E0B9F}.Debug|Any CPU.Build.0 = Debug|Any CPU
		{C8950BAF-06A5-4AF3-964A-55B18B0E0B9F}.Release|Any CPU.ActiveCfg = Release|Any CPU
		{C8950BAF-06A5-4AF3-964A-55B18B0E0B9F}.Release|Any CPU.Build.0 = Release|Any CPU
		{55AA526E-1A89-4A8E-B648-8DE5DE2FD1E5}.Debug|Any CPU.ActiveCfg = Debug|Any CPU
		{55AA526E-1A89-4A8E-B648-8DE5DE2FD1E5}.Debug|Any CPU.Build.0 = Debug|Any CPU
		{55AA526E-1A89-4A8E-B648-8DE5DE2FD1E5}.Release|Any CPU.ActiveCfg = Release|Any CPU
		{55AA526E-1A89-4A8E-B648-8DE5DE2FD1E5}.Release|Any CPU.Build.0 = Release|Any CPU
		{4F877CE6-D317-4858-903E-E3B0893FCE67}.Debug|Any CPU.ActiveCfg = Debug|Any CPU
		{4F877CE6-D317-4858-903E-E3B0893FCE67}.Debug|Any CPU.Build.0 = Debug|Any CPU
		{4F877CE6-D317-4858-903E-E3B0893FCE67}.Release|Any CPU.ActiveCfg = Release|Any CPU
		{4F877CE6-D317-4858-903E-E3B0893FCE67}.Release|Any CPU.Build.0 = Release|Any CPU
		{998E10B8-C8C0-4D16-BDD5-124CB1EA6CD3}.Debug|Any CPU.ActiveCfg = Debug|Any CPU
		{998E10B8-C8C0-4D16-BDD5-124CB1EA6CD3}.Debug|Any CPU.Build.0 = Debug|Any CPU
		{998E10B8-C8C0-4D16-BDD5-124CB1EA6CD3}.Release|Any CPU.ActiveCfg = Release|Any CPU
		{998E10B8-C8C0-4D16-BDD5-124CB1EA6CD3}.Release|Any CPU.Build.0 = Release|Any CPU
		{EB24698A-678D-4432-AFB6-4985F225FE0A}.Debug|Any CPU.ActiveCfg = Debug|Any CPU
		{EB24698A-678D-4432-AFB6-4985F225FE0A}.Debug|Any CPU.Build.0 = Debug|Any CPU
		{EB24698A-678D-4432-AFB6-4985F225FE0A}.Release|Any CPU.ActiveCfg = Release|Any CPU
		{EB24698A-678D-4432-AFB6-4985F225FE0A}.Release|Any CPU.Build.0 = Release|Any CPU
	EndGlobalSection
	GlobalSection(SolutionProperties) = preSolution
		HideSolutionNode = FALSE
	EndGlobalSection
	GlobalSection(NestedProjects) = preSolution
		{7D1D1EA4-EA8C-41E6-8FF0-F748E55FE935} = {5EA435BC-D3B4-40B7-AD0B-7CA43838912A}
		{A7F0BD3A-DABF-4702-9BDA-E450468FF36E} = {F936ADB7-E24D-4240-A3BA-0FBCA56741F0}
		{616BB713-27E3-46DD-A3CB-79CBE544534B} = {F1B08087-9305-48B3-B707-935586A67CBC}
		{C8950BAF-06A5-4AF3-964A-55B18B0E0B9F} = {F936ADB7-E24D-4240-A3BA-0FBCA56741F0}
		{55AA526E-1A89-4A8E-B648-8DE5DE2FD1E5} = {F936ADB7-E24D-4240-A3BA-0FBCA56741F0}
		{4F877CE6-D317-4858-903E-E3B0893FCE67} = {F936ADB7-E24D-4240-A3BA-0FBCA56741F0}
		{998E10B8-C8C0-4D16-BDD5-124CB1EA6CD3} = {F936ADB7-E24D-4240-A3BA-0FBCA56741F0}
		{EB24698A-678D-4432-AFB6-4985F225FE0A} = {F936ADB7-E24D-4240-A3BA-0FBCA56741F0}
	EndGlobalSection
EndGlobal
